
Microsoft Visual Studio Solution File, Format Version 12.00
# Visual Studio Version 16
VisualStudioVersion = 16.0.31624.102
MinimumVisualStudioVersion = 10.0.40219.1
Project("{FAE04EC0-301F-11D3-BF4B-00C04F79EFBC}") = "punto_6cyclomatic", "punto_6cyclomatic\punto_6cyclomatic.csproj", "{8AFCED34-4033-4BA2-BB5B-B3E893758164}"
EndProject
Global
	GlobalSection(SolutionConfigurationPlatforms) = preSolution
		Debug|Any CPU = Debug|Any CPU
		Release|Any CPU = Release|Any CPU
	EndGlobalSection
	GlobalSection(ProjectConfigurationPlatforms) = postSolution
		{8AFCED34-4033-4BA2-BB5B-B3E893758164}.Debug|Any CPU.ActiveCfg = Debug|Any CPU
		{8AFCED34-4033-4BA2-BB5B-B3E893758164}.Debug|Any CPU.Build.0 = Debug|Any CPU
		{8AFCED34-4033-4BA2-BB5B-B3E893758164}.Release|Any CPU.ActiveCfg = Release|Any CPU
		{8AFCED34-4033-4BA2-BB5B-B3E893758164}.Release|Any CPU.Build.0 = Release|Any CPU
	EndGlobalSection
	GlobalSection(SolutionProperties) = preSolution
		HideSolutionNode = FALSE
	EndGlobalSection
	GlobalSection(ExtensibilityGlobals) = postSolution
		SolutionGuid = {20DCD169-CBA1-468C-8966-1DCC596DA502}
	EndGlobalSection
EndGlobal
